
Microsoft Visual Studio Solution File, Format Version 12.00
# Visual Studio Version 16
VisualStudioVersion = 16.0.29709.97
MinimumVisualStudioVersion = 10.0.40219.1
Project("{9A19103F-16F7-4668-BE54-9A1E7A4F7556}") = "MyMusic.Api", "MyMusic.Api\MyMusic.Api.csproj", "{019B544F-5CEA-45E4-A618-E6B7B25C715C}"
EndProject
Project("{FAE04EC0-301F-11D3-BF4B-00C04F79EFBC}") = "MyMusic.Core", "MyMusic.Core\MyMusic.Core.csproj", "{B902889E-B98B-4C35-8EBF-5CBFFC970127}"
EndProject
Project("{FAE04EC0-301F-11D3-BF4B-00C04F79EFBC}") = "MyMusic.Services", "MyMusic.Services\MyMusic.Services.csproj", "{1AE0DA2B-E8F0-4165-BE90-DBDE72487766}"
EndProject
Project("{FAE04EC0-301F-11D3-BF4B-00C04F79EFBC}") = "MyMusic.Data", "MyMusic.Data\MyMusic.Data.csproj", "{95BE1C69-DC6D-4582-B40F-2B164F2D2F90}"
EndProject
Global
	GlobalSection(SolutionConfigurationPlatforms) = preSolution
		Debug|Any CPU = Debug|Any CPU
		Release|Any CPU = Release|Any CPU
	EndGlobalSection
	GlobalSection(ProjectConfigurationPlatforms) = postSolution
		{019B544F-5CEA-45E4-A618-E6B7B25C715C}.Debug|Any CPU.ActiveCfg = Debug|Any CPU
		{019B544F-5CEA-45E4-A618-E6B7B25C715C}.Debug|Any CPU.Build.0 = Debug|Any CPU
		{019B544F-5CEA-45E4-A618-E6B7B25C715C}.Release|Any CPU.ActiveCfg = Release|Any CPU
		{019B544F-5CEA-45E4-A618-E6B7B25C715C}.Release|Any CPU.Build.0 = Release|Any CPU
		{B902889E-B98B-4C35-8EBF-5CBFFC970127}.Debug|Any CPU.ActiveCfg = Debug|Any CPU
		{B902889E-B98B-4C35-8EBF-5CBFFC970127}.Debug|Any CPU.Build.0 = Debug|Any CPU
		{B902889E-B98B-4C35-8EBF-5CBFFC970127}.Release|Any CPU.ActiveCfg = Release|Any CPU
		{B902889E-B98B-4C35-8EBF-5CBFFC970127}.Release|Any CPU.Build.0 = Release|Any CPU
		{1AE0DA2B-E8F0-4165-BE90-DBDE72487766}.Debug|Any CPU.ActiveCfg = Debug|Any CPU
		{1AE0DA2B-E8F0-4165-BE90-DBDE72487766}.Debug|Any CPU.Build.0 = Debug|Any CPU
		{1AE0DA2B-E8F0-4165-BE90-DBDE72487766}.Release|Any CPU.ActiveCfg = Release|Any CPU
		{1AE0DA2B-E8F0-4165-BE90-DBDE72487766}.Release|Any CPU.Build.0 = Release|Any CPU
		{95BE1C69-DC6D-4582-B40F-2B164F2D2F90}.Debug|Any CPU.ActiveCfg = Debug|Any CPU
		{95BE1C69-DC6D-4582-B40F-2B164F2D2F90}.Debug|Any CPU.Build.0 = Debug|Any CPU
		{95BE1C69-DC6D-4582-B40F-2B164F2D2F90}.Release|Any CPU.ActiveCfg = Release|Any CPU
		{95BE1C69-DC6D-4582-B40F-2B164F2D2F90}.Release|Any CPU.Build.0 = Release|Any CPU
	EndGlobalSection
	GlobalSection(SolutionProperties) = preSolution
		HideSolutionNode = FALSE
	EndGlobalSection
	GlobalSection(ExtensibilityGlobals) = postSolution
		SolutionGuid = {63B44D23-7641-4F4E-8847-62EB8E37D5F1}
	EndGlobalSection
EndGlobal
